<Solution>
  <Project Path="Kyvara.Api/Kyvara.Api.csproj" />
  <Project Path="Kyvara.Application/Kyvara.Application.csproj" />
  <Project Path="Kyvara.Domain/Kyvara.Domain.csproj" />
  <Project Path="Kyvara.Infrastructure/Kyvara.Infrastructure.csproj" />
  <Project Path="Kyvara.SharedKernel/Kyvara.SharedKernel.csproj" />
  <Project Path="Kyvara.Tools/Kyvara.Tools.csproj" />
</Solution>
